
Microsoft Visual Studio Solution File, Format Version 12.00
# Visual Studio Version 16
VisualStudioVersion = 16.0.31829.152
MinimumVisualStudioVersion = 10.0.40219.1
Project("{9A19103F-16F7-4668-BE54-9A1E7A4F7556}") = "Study", "Study\Study.csproj", "{B89A4B1B-905B-404D-8293-D6D45A0670D4}"
EndProject
Project("{FAE04EC0-301F-11D3-BF4B-00C04F79EFBC}") = "SpinWaitDemo", "SpinWaitDemo\SpinWaitDemo.csproj", "{BE0D7A5E-7027-4674-89F6-CDE8BF0424D8}"
EndProject
Global
	GlobalSection(SolutionConfigurationPlatforms) = preSolution
		Debug|Any CPU = Debug|Any CPU
		Release|Any CPU = Release|Any CPU
	EndGlobalSection
	GlobalSection(ProjectConfigurationPlatforms) = postSolution
		{B89A4B1B-905B-404D-8293-D6D45A0670D4}.Debug|Any CPU.ActiveCfg = Debug|Any CPU
		{B89A4B1B-905B-404D-8293-D6D45A0670D4}.Debug|Any CPU.Build.0 = Debug|Any CPU
		{B89A4B1B-905B-404D-8293-D6D45A0670D4}.Release|Any CPU.ActiveCfg = Release|Any CPU
		{B89A4B1B-905B-404D-8293-D6D45A0670D4}.Release|Any CPU.Build.0 = Release|Any CPU
		{BE0D7A5E-7027-4674-89F6-CDE8BF0424D8}.Debug|Any CPU.ActiveCfg = Debug|Any CPU
		{BE0D7A5E-7027-4674-89F6-CDE8BF0424D8}.Debug|Any CPU.Build.0 = Debug|Any CPU
		{BE0D7A5E-7027-4674-89F6-CDE8BF0424D8}.Release|Any CPU.ActiveCfg = Release|Any CPU
		{BE0D7A5E-7027-4674-89F6-CDE8BF0424D8}.Release|Any CPU.Build.0 = Release|Any CPU
	EndGlobalSection
	GlobalSection(SolutionProperties) = preSolution
		HideSolutionNode = FALSE
	EndGlobalSection
	GlobalSection(ExtensibilityGlobals) = postSolution
		SolutionGuid = {3A7A9D50-DFF0-43BA-A884-5D6E53E9CC01}
	EndGlobalSection
EndGlobal
